
Microsoft Visual Studio Solution File, Format Version 12.00
# Visual Studio Version 17
VisualStudioVersion = 17.14.36518.9
MinimumVisualStudioVersion = 10.0.40219.1
Project("{FAE04EC0-301F-11D3-BF4B-00C04F79EFBC}") = "mindtrack", "mindtrack\mindtrack.csproj", "{F3D31A66-7A24-4BBA-8AC9-E2CF3611FF73}"
EndProject
Project("{FAE04EC0-301F-11D3-BF4B-00C04F79EFBC}") = "mindtrack.Tests", "mindtrack.Tests\mindtrack.Tests.csproj", "{87F3D5D9-2537-461B-9D20-E81EA16BF2E0}"
EndProject
Global
	GlobalSection(SolutionConfigurationPlatforms) = preSolution
		Debug|Any CPU = Debug|Any CPU
		Debug|x64 = Debug|x64
		Debug|x86 = Debug|x86
		Release|Any CPU = Release|Any CPU
		Release|x64 = Release|x64
		Release|x86 = Release|x86
	EndGlobalSection
	GlobalSection(ProjectConfigurationPlatforms) = postSolution
		{F3D31A66-7A24-4BBA-8AC9-E2CF3611FF73}.Debug|Any CPU.ActiveCfg = Debug|Any CPU
		{F3D31A66-7A24-4BBA-8AC9-E2CF3611FF73}.Debug|Any CPU.Build.0 = Debug|Any CPU
		{F3D31A66-7A24-4BBA-8AC9-E2CF3611FF73}.Debug|x64.ActiveCfg = Debug|Any CPU
		{F3D31A66-7A24-4BBA-8AC9-E2CF3611FF73}.Debug|x64.Build.0 = Debug|Any CPU
		{F3D31A66-7A24-4BBA-8AC9-E2CF3611FF73}.Debug|x86.ActiveCfg = Debug|Any CPU
		{F3D31A66-7A24-4BBA-8AC9-E2CF3611FF73}.Debug|x86.Build.0 = Debug|Any CPU
		{F3D31A66-7A24-4BBA-8AC9-E2CF3611FF73}.Release|Any CPU.ActiveCfg = Release|Any CPU
		{F3D31A66-7A24-4BBA-8AC9-E2CF3611FF73}.Release|Any CPU.Build.0 = Release|Any CPU
		{F3D31A66-7A24-4BBA-8AC9-E2CF3611FF73}.Release|x64.ActiveCfg = Release|Any CPU
		{F3D31A66-7A24-4BBA-8AC9-E2CF3611FF73}.Release|x64.Build.0 = Release|Any CPU
		{F3D31A66-7A24-4BBA-8AC9-E2CF3611FF73}.Release|x86.ActiveCfg = Release|Any CPU
		{F3D31A66-7A24-4BBA-8AC9-E2CF3611FF73}.Release|x86.Build.0 = Release|Any CPU
		{87F3D5D9-2537-461B-9D20-E81EA16BF2E0}.Debug|Any CPU.ActiveCfg = Debug|Any CPU
		{87F3D5D9-2537-461B-9D20-E81EA16BF2E0}.Debug|Any CPU.Build.0 = Debug|Any CPU
		{87F3D5D9-2537-461B-9D20-E81EA16BF2E0}.Debug|x64.ActiveCfg = Debug|Any CPU
		{87F3D5D9-2537-461B-9D20-E81EA16BF2E0}.Debug|x64.Build.0 = Debug|Any CPU
		{87F3D5D9-2537-461B-9D20-E81EA16BF2E0}.Debug|x86.ActiveCfg = Debug|Any CPU
		{87F3D5D9-2537-461B-9D20-E81EA16BF2E0}.Debug|x86.Build.0 = Debug|Any CPU
		{87F3D5D9-2537-461B-9D20-E81EA16BF2E0}.Release|Any CPU.ActiveCfg = Release|Any CPU
		{87F3D5D9-2537-461B-9D20-E81EA16BF2E0}.Release|Any CPU.Build.0 = Release|Any CPU
		{87F3D5D9-2537-461B-9D20-E81EA16BF2E0}.Release|x64.ActiveCfg = Release|Any CPU
		{87F3D5D9-2537-461B-9D20-E81EA16BF2E0}.Release|x64.Build.0 = Release|Any CPU
		{87F3D5D9-2537-461B-9D20-E81EA16BF2E0}.Release|x86.ActiveCfg = Release|Any CPU
		{87F3D5D9-2537-461B-9D20-E81EA16BF2E0}.Release|x86.Build.0 = Release|Any CPU
	EndGlobalSection
	GlobalSection(SolutionProperties) = preSolution
		HideSolutionNode = FALSE
	EndGlobalSection
	GlobalSection(ExtensibilityGlobals) = postSolution
		SolutionGuid = {C69ADECF-4BF2-475C-91ED-8A771E3C87E0}
	EndGlobalSection
EndGlobal
